
Microsoft Visual Studio Solution File, Format Version 12.00
# Visual Studio Version 17
VisualStudioVersion = 17.14.36623.8 d17.14
MinimumVisualStudioVersion = 10.0.40219.1
Project("{FAE04EC0-301F-11D3-BF4B-00C04F79EFBC}") = "workbook3.2", "workbook3.2.csproj", "{B8AB56D3-E143-4EC1-8C25-6F1A23A12045}"
EndProject
Global
	GlobalSection(SolutionConfigurationPlatforms) = preSolution
		Debug|Any CPU = Debug|Any CPU
		Release|Any CPU = Release|Any CPU
	EndGlobalSection
	GlobalSection(ProjectConfigurationPlatforms) = postSolution
		{B8AB56D3-E143-4EC1-8C25-6F1A23A12045}.Debug|Any CPU.ActiveCfg = Debug|Any CPU
		{B8AB56D3-E143-4EC1-8C25-6F1A23A12045}.Debug|Any CPU.Build.0 = Debug|Any CPU
		{B8AB56D3-E143-4EC1-8C25-6F1A23A12045}.Release|Any CPU.ActiveCfg = Release|Any CPU
		{B8AB56D3-E143-4EC1-8C25-6F1A23A12045}.Release|Any CPU.Build.0 = Release|Any CPU
	EndGlobalSection
	GlobalSection(SolutionProperties) = preSolution
		HideSolutionNode = FALSE
	EndGlobalSection
	GlobalSection(ExtensibilityGlobals) = postSolution
		SolutionGuid = {0792F4B9-40EE-4DFB-911D-F10A52F3C458}
	EndGlobalSection
EndGlobal
